// !$*UTF8*$!
{
	archiveVersion = 1;
	classes = {
	};
	objectVersion = 48;
	objects = {

/* Begin PBXBuildFile section */
		9A37F89F206E1DC6009CC4FF /* AppDelegate.swift in Sources */ = {isa = PBXBuildFile; fileRef = 9A37F89E206E1DC6009CC4FF /* AppDelegate.swift */; };
		9A37F8A1206E1DC6009CC4FF /* HomeViewController.swift in Sources */ = {isa = PBXBuildFile; fileRef = 9A37F8A0206E1DC6009CC4FF /* HomeViewController.swift */; };
		9A37F8A4206E1DC6009CC4FF /* Main.storyboard in Resources */ = {isa = PBXBuildFile; fileRef = 9A37F8A2206E1DC6009CC4FF /* Main.storyboard */; };
		9A37F8A6206E1DC6009CC4FF /* Assets.xcassets in Resources */ = {isa = PBXBuildFile; fileRef = 9A37F8A5206E1DC6009CC4FF /* Assets.xcassets */; };
		9A37F8A9206E1DC6009CC4FF /* LaunchScreen.storyboard in Resources */ = {isa = PBXBuildFile; fileRef = 9A37F8A7206E1DC6009CC4FF /* LaunchScreen.storyboard */; };
		9A37F8B8206E2187009CC4FF /* Result.framework in Frameworks */ = {isa = PBXBuildFile; fileRef = 9A37F8B6206E2187009CC4FF /* Result.framework */; };
		9A37F8B9206E2187009CC4FF /* ReactiveSwift.framework in Frameworks */ = {isa = PBXBuildFile; fileRef = 9A37F8B7206E2187009CC4FF /* ReactiveSwift.framework */; };
		9ADB51E72074F6B2000D03F1 /* LoadingViewController.swift in Sources */ = {isa = PBXBuildFile; fileRef = 9ADB51E62074F6B2000D03F1 /* LoadingViewController.swift */; };
		9ADB51F72074F89A000D03F1 /* AllViewController.swift in Sources */ = {isa = PBXBuildFile; fileRef = 9ADB51F62074F89A000D03F1 /* AllViewController.swift */; };
		9ADB51F92074F8C9000D03F1 /* ContentViewController.swift in Sources */ = {isa = PBXBuildFile; fileRef = 9ADB51F82074F8C9000D03F1 /* ContentViewController.swift */; };
		9ADB51FB2074F8DD000D03F1 /* PromoViewController.swift in Sources */ = {isa = PBXBuildFile; fileRef = 9ADB51FA2074F8DD000D03F1 /* PromoViewController.swift */; };
		9ADB51FF2075207E000D03F1 /* SettingsViewController.swift in Sources */ = {isa = PBXBuildFile; fileRef = 9ADB51FE2075207E000D03F1 /* SettingsViewController.swift */; };
		9ADB520220752187000D03F1 /* LoginViewController.swift in Sources */ = {isa = PBXBuildFile; fileRef = 9ADB520120752187000D03F1 /* LoginViewController.swift */; };
		9ADB520420752199000D03F1 /* TermsConditionsViewController.swift in Sources */ = {isa = PBXBuildFile; fileRef = 9ADB520320752199000D03F1 /* TermsConditionsViewController.swift */; };
		9ADB5206207521A5000D03F1 /* LegalViewController.swift in Sources */ = {isa = PBXBuildFile; fileRef = 9ADB5205207521A5000D03F1 /* LegalViewController.swift */; };
		9ADB528520760F71000D03F1 /* LinkHandler.framework in Frameworks */ = {isa = PBXBuildFile; fileRef = 9ADB528020760F0A000D03F1 /* LinkHandler.framework */; };
		9ADB528B207611E3000D03F1 /* DispatchAfter.swift in Sources */ = {isa = PBXBuildFile; fileRef = 9ADB528A207611E3000D03F1 /* DispatchAfter.swift */; };
		9AE5921D207E392F00F59433 /* LinkHandler.framework in Copy frameworks */ = {isa = PBXBuildFile; fileRef = 9ADB528020760F0A000D03F1 /* LinkHandler.framework */; settings = {ATTRIBUTES = (CodeSignOnCopy, RemoveHeadersOnCopy, ); }; };
/* End PBXBuildFile section */

/* Begin PBXContainerItemProxy section */
		9ADB52112076026E000D03F1 /* PBXContainerItemProxy */ = {
			isa = PBXContainerItemProxy;
			containerPortal = 9ADB52072076026D000D03F1 /* Result.xcodeproj */;
			proxyType = 2;
			remoteGlobalIDString = D45480571A9572F5009D7229;
			remoteInfo = "Result-Mac";
		};
		9ADB52132076026E000D03F1 /* PBXContainerItemProxy */ = {
			isa = PBXContainerItemProxy;
			containerPortal = 9ADB52072076026D000D03F1 /* Result.xcodeproj */;
			proxyType = 2;
			remoteGlobalIDString = D45480671A9572F5009D7229;
			remoteInfo = "Result-MacTests";
		};
		9ADB52152076026E000D03F1 /* PBXContainerItemProxy */ = {
			isa = PBXContainerItemProxy;
			containerPortal = 9ADB52072076026D000D03F1 /* Result.xcodeproj */;
			proxyType = 2;
			remoteGlobalIDString = D454807D1A957361009D7229;
			remoteInfo = "Result-iOS";
		};
		9ADB52172076026E000D03F1 /* PBXContainerItemProxy */ = {
			isa = PBXContainerItemProxy;
			containerPortal = 9ADB52072076026D000D03F1 /* Result.xcodeproj */;
			proxyType = 2;
			remoteGlobalIDString = D45480871A957362009D7229;
			remoteInfo = "Result-iOSTests";
		};
		9ADB52192076026E000D03F1 /* PBXContainerItemProxy */ = {
			isa = PBXContainerItemProxy;
			containerPortal = 9ADB52072076026D000D03F1 /* Result.xcodeproj */;
			proxyType = 2;
			remoteGlobalIDString = 57FCDE471BA280DC00130C48;
			remoteInfo = "Result-tvOS";
		};
		9ADB521B2076026E000D03F1 /* PBXContainerItemProxy */ = {
			isa = PBXContainerItemProxy;
			containerPortal = 9ADB52072076026D000D03F1 /* Result.xcodeproj */;
			proxyType = 2;
			remoteGlobalIDString = 57FCDE541BA280E000130C48;
			remoteInfo = "Result-tvOSTests";
		};
		9ADB521D2076026E000D03F1 /* PBXContainerItemProxy */ = {
			isa = PBXContainerItemProxy;
			containerPortal = 9ADB52072076026D000D03F1 /* Result.xcodeproj */;
			proxyType = 2;
			remoteGlobalIDString = D03579A31B2B788F005D26AE;
			remoteInfo = "Result-watchOS";
		};
		9ADB5229207602B3000D03F1 /* PBXContainerItemProxy */ = {
			isa = PBXContainerItemProxy;
			containerPortal = 9ADB521F207602B3000D03F1 /* ReactiveSwift.xcodeproj */;
			proxyType = 2;
			remoteGlobalIDString = D04725EA19E49ED7006002AA;
			remoteInfo = "ReactiveSwift-macOS";
		};
		9ADB522B207602B3000D03F1 /* PBXContainerItemProxy */ = {
			isa = PBXContainerItemProxy;
			containerPortal = 9ADB521F207602B3000D03F1 /* ReactiveSwift.xcodeproj */;
			proxyType = 2;
			remoteGlobalIDString = D04725F519E49ED7006002AA;
			remoteInfo = "ReactiveSwift-macOSTests";
		};
		9ADB522D207602B3000D03F1 /* PBXContainerItemProxy */ = {
			isa = PBXContainerItemProxy;
			containerPortal = 9ADB521F207602B3000D03F1 /* ReactiveSwift.xcodeproj */;
			proxyType = 2;
			remoteGlobalIDString = D047260C19E49F82006002AA;
			remoteInfo = "ReactiveSwift-iOS";
		};
		9ADB522F207602B3000D03F1 /* PBXContainerItemProxy */ = {
			isa = PBXContainerItemProxy;
			containerPortal = 9ADB521F207602B3000D03F1 /* ReactiveSwift.xcodeproj */;
			proxyType = 2;
			remoteGlobalIDString = D047261619E49F82006002AA;
			remoteInfo = "ReactiveSwift-iOSTests";
		};
		9ADB5231207602B3000D03F1 /* PBXContainerItemProxy */ = {
			isa = PBXContainerItemProxy;
			containerPortal = 9ADB521F207602B3000D03F1 /* ReactiveSwift.xcodeproj */;
			proxyType = 2;
			remoteGlobalIDString = A9B315541B3940610001CB9C;
			remoteInfo = "ReactiveSwift-watchOS";
		};
		9ADB5233207602B3000D03F1 /* PBXContainerItemProxy */ = {
			isa = PBXContainerItemProxy;
			containerPortal = 9ADB521F207602B3000D03F1 /* ReactiveSwift.xcodeproj */;
			proxyType = 2;
			remoteGlobalIDString = 57A4D2411BA13D7A00F7D4B1;
			remoteInfo = "ReactiveSwift-tvOS";
		};
		9ADB5235207602B3000D03F1 /* PBXContainerItemProxy */ = {
			isa = PBXContainerItemProxy;
			containerPortal = 9ADB521F207602B3000D03F1 /* ReactiveSwift.xcodeproj */;
			proxyType = 2;
			remoteGlobalIDString = 7DFBED031CDB8C9500EE435B;
			remoteInfo = "ReactiveSwift-tvOSTests";
		};
		9ADB527F20760F0A000D03F1 /* PBXContainerItemProxy */ = {
			isa = PBXContainerItemProxy;
			containerPortal = 9ADB527B20760F09000D03F1 /* LinkHandler.xcodeproj */;
			proxyType = 2;
			remoteGlobalIDString = 9ADB527020760F08000D03F1;
			remoteInfo = LinkHandler;
		};
/* End PBXContainerItemProxy section */

/* Begin PBXCopyFilesBuildPhase section */
		9AE5920D207E392000F59433 /* Copy frameworks */ = {
			isa = PBXCopyFilesBuildPhase;
			buildActionMask = 2147483647;
			dstPath = "";
			dstSubfolderSpec = 10;
			files = (
				9AE5921D207E392F00F59433 /* LinkHandler.framework in Copy frameworks */,
			);
			name = "Copy frameworks";
			runOnlyForDeploymentPostprocessing = 0;
		};
/* End PBXCopyFilesBuildPhase section */

/* Begin PBXFileReference section */
		9A37F89B206E1DC6009CC4FF /* DeeplinkPOC.app */ = {isa = PBXFileReference; explicitFileType = wrapper.application; includeInIndex = 0; path = DeeplinkPOC.app; sourceTree = BUILT_PRODUCTS_DIR; };
		9A37F89E206E1DC6009CC4FF /* AppDelegate.swift */ = {isa = PBXFileReference; lastKnownFileType = sourcecode.swift; path = AppDelegate.swift; sourceTree = "<group>"; };
		9A37F8A0206E1DC6009CC4FF /* HomeViewController.swift */ = {isa = PBXFileReference; lastKnownFileType = sourcecode.swift; path = HomeViewController.swift; sourceTree = "<group>"; };
		9A37F8A3206E1DC6009CC4FF /* Base */ = {isa = PBXFileReference; lastKnownFileType = file.storyboard; name = Base; path = Base.lproj/Main.storyboard; sourceTree = "<group>"; };
		9A37F8A5206E1DC6009CC4FF /* Assets.xcassets */ = {isa = PBXFileReference; lastKnownFileType = folder.assetcatalog; path = Assets.xcassets; sourceTree = "<group>"; };
		9A37F8A8206E1DC6009CC4FF /* Base */ = {isa = PBXFileReference; lastKnownFileType = file.storyboard; name = Base; path = Base.lproj/LaunchScreen.storyboard; sourceTree = "<group>"; };
		9A37F8AA206E1DC6009CC4FF /* Info.plist */ = {isa = PBXFileReference; lastKnownFileType = text.plist.xml; path = Info.plist; sourceTree = "<group>"; };
		9A37F8B6206E2187009CC4FF /* Result.framework */ = {isa = PBXFileReference; lastKnownFileType = wrapper.framework; name = Result.framework; path = Carthage/Build/iOS/Result.framework; sourceTree = "<group>"; };
		9A37F8B7206E2187009CC4FF /* ReactiveSwift.framework */ = {isa = PBXFileReference; lastKnownFileType = wrapper.framework; name = ReactiveSwift.framework; path = Carthage/Build/iOS/ReactiveSwift.framework; sourceTree = "<group>"; };
		9A37F8BA206E2239009CC4FF /* Playground.playground */ = {isa = PBXFileReference; lastKnownFileType = file.playground; path = Playground.playground; sourceTree = "<group>"; xcLanguageSpecificationIdentifier = xcode.lang.swift; };
		9ADB51E62074F6B2000D03F1 /* LoadingViewController.swift */ = {isa = PBXFileReference; lastKnownFileType = sourcecode.swift; path = LoadingViewController.swift; sourceTree = "<group>"; };
		9ADB51F62074F89A000D03F1 /* AllViewController.swift */ = {isa = PBXFileReference; lastKnownFileType = sourcecode.swift; path = AllViewController.swift; sourceTree = "<group>"; };
		9ADB51F82074F8C9000D03F1 /* ContentViewController.swift */ = {isa = PBXFileReference; lastKnownFileType = sourcecode.swift; path = ContentViewController.swift; sourceTree = "<group>"; };
		9ADB51FA2074F8DD000D03F1 /* PromoViewController.swift */ = {isa = PBXFileReference; lastKnownFileType = sourcecode.swift; path = PromoViewController.swift; sourceTree = "<group>"; };
		9ADB51FE2075207E000D03F1 /* SettingsViewController.swift */ = {isa = PBXFileReference; lastKnownFileType = sourcecode.swift; path = SettingsViewController.swift; sourceTree = "<group>"; };
		9ADB520120752187000D03F1 /* LoginViewController.swift */ = {isa = PBXFileReference; lastKnownFileType = sourcecode.swift; path = LoginViewController.swift; sourceTree = "<group>"; };
		9ADB520320752199000D03F1 /* TermsConditionsViewController.swift */ = {isa = PBXFileReference; lastKnownFileType = sourcecode.swift; path = TermsConditionsViewController.swift; sourceTree = "<group>"; };
		9ADB5205207521A5000D03F1 /* LegalViewController.swift */ = {isa = PBXFileReference; lastKnownFileType = sourcecode.swift; path = LegalViewController.swift; sourceTree = "<group>"; };
		9ADB52072076026D000D03F1 /* Result.xcodeproj */ = {isa = PBXFileReference; lastKnownFileType = "wrapper.pb-project"; name = Result.xcodeproj; path = Carthage/Checkouts/Result/Result.xcodeproj; sourceTree = "<group>"; };
		9ADB521F207602B3000D03F1 /* ReactiveSwift.xcodeproj */ = {isa = PBXFileReference; lastKnownFileType = "wrapper.pb-project"; name = ReactiveSwift.xcodeproj; path = Carthage/Checkouts/ReactiveSwift/ReactiveSwift.xcodeproj; sourceTree = "<group>"; };
		9ADB527B20760F09000D03F1 /* LinkHandler.xcodeproj */ = {isa = PBXFileReference; lastKnownFileType = "wrapper.pb-project"; name = LinkHandler.xcodeproj; path = LinkHandler/LinkHandler.xcodeproj; sourceTree = "<group>"; };
		9ADB528A207611E3000D03F1 /* DispatchAfter.swift */ = {isa = PBXFileReference; lastKnownFileType = sourcecode.swift; path = DispatchAfter.swift; sourceTree = "<group>"; };
/* End PBXFileReference section */

/* Begin PBXFrameworksBuildPhase section */
		9A37F898206E1DC6009CC4FF /* Frameworks */ = {
			isa = PBXFrameworksBuildPhase;
			buildActionMask = 2147483647;
			files = (
				9ADB528520760F71000D03F1 /* LinkHandler.framework in Frameworks */,
				9A37F8B8206E2187009CC4FF /* Result.framework in Frameworks */,
				9A37F8B9206E2187009CC4FF /* ReactiveSwift.framework in Frameworks */,
			);
			runOnlyForDeploymentPostprocessing = 0;
		};
/* End PBXFrameworksBuildPhase section */

/* Begin PBXGroup section */
		9A37F892206E1DC6009CC4FF = {
			isa = PBXGroup;
			children = (
				9A37F8BA206E2239009CC4FF /* Playground.playground */,
				9A37F89D206E1DC6009CC4FF /* DeeplinkPOC */,
				9A37F89C206E1DC6009CC4FF /* Products */,
				9A37F8B1206E216A009CC4FF /* Frameworks */,
			);
			sourceTree = "<group>";
		};
		9A37F89C206E1DC6009CC4FF /* Products */ = {
			isa = PBXGroup;
			children = (
				9A37F89B206E1DC6009CC4FF /* DeeplinkPOC.app */,
			);
			name = Products;
			sourceTree = "<group>";
		};
		9A37F89D206E1DC6009CC4FF /* DeeplinkPOC */ = {
			isa = PBXGroup;
			children = (
				9ADB527B20760F09000D03F1 /* LinkHandler.xcodeproj */,
				9ADB520020752175000D03F1 /* Settings */,
				9A37F89E206E1DC6009CC4FF /* AppDelegate.swift */,
				9ADB51E62074F6B2000D03F1 /* LoadingViewController.swift */,
				9A37F8A0206E1DC6009CC4FF /* HomeViewController.swift */,
				9ADB51F62074F89A000D03F1 /* AllViewController.swift */,
				9ADB51F82074F8C9000D03F1 /* ContentViewController.swift */,
				9ADB51FA2074F8DD000D03F1 /* PromoViewController.swift */,
				9ADB51FE2075207E000D03F1 /* SettingsViewController.swift */,
				9A37F8A2206E1DC6009CC4FF /* Main.storyboard */,
				9A37F8A5206E1DC6009CC4FF /* Assets.xcassets */,
				9A37F8A7206E1DC6009CC4FF /* LaunchScreen.storyboard */,
				9A37F8AA206E1DC6009CC4FF /* Info.plist */,
				9ADB528A207611E3000D03F1 /* DispatchAfter.swift */,
			);
			path = DeeplinkPOC;
			sourceTree = "<group>";
		};
		9A37F8B1206E216A009CC4FF /* Frameworks */ = {
			isa = PBXGroup;
			children = (
				9A37F8BB206E22A8009CC4FF /* CarthagePlaygroundCompatibility */,
				9A37F8B7206E2187009CC4FF /* ReactiveSwift.framework */,
				9A37F8B6206E2187009CC4FF /* Result.framework */,
			);
			name = Frameworks;
			sourceTree = "<group>";
		};
		9A37F8BB206E22A8009CC4FF /* CarthagePlaygroundCompatibility */ = {
			isa = PBXGroup;
			children = (
				9ADB521F207602B3000D03F1 /* ReactiveSwift.xcodeproj */,
				9ADB52072076026D000D03F1 /* Result.xcodeproj */,
			);
			name = CarthagePlaygroundCompatibility;
			sourceTree = "<group>";
		};
		9ADB520020752175000D03F1 /* Settings */ = {
			isa = PBXGroup;
			children = (
				9ADB520120752187000D03F1 /* LoginViewController.swift */,
				9ADB520320752199000D03F1 /* TermsConditionsViewController.swift */,
				9ADB5205207521A5000D03F1 /* LegalViewController.swift */,
			);
			path = Settings;
			sourceTree = "<group>";
		};
		9ADB52082076026D000D03F1 /* Products */ = {
			isa = PBXGroup;
			children = (
				9ADB52122076026E000D03F1 /* Result.framework */,
				9ADB52142076026E000D03F1 /* Result-MacTests.xctest */,
				9ADB52162076026E000D03F1 /* Result.framework */,
				9ADB52182076026E000D03F1 /* Result-iOSTests.xctest */,
				9ADB521A2076026E000D03F1 /* Result.framework */,
				9ADB521C2076026E000D03F1 /* Result-tvOSTests.xctest */,
				9ADB521E2076026E000D03F1 /* Result.framework */,
			);
			name = Products;
			sourceTree = "<group>";
		};
		9ADB5220207602B3000D03F1 /* Products */ = {
			isa = PBXGroup;
			children = (
				9ADB522A207602B3000D03F1 /* ReactiveSwift.framework */,
				9ADB522C207602B3000D03F1 /* ReactiveSwiftTests.xctest */,
				9ADB522E207602B3000D03F1 /* ReactiveSwift.framework */,
				9ADB5230207602B3000D03F1 /* ReactiveSwiftTests.xctest */,
				9ADB5232207602B3000D03F1 /* ReactiveSwift.framework */,
				9ADB5234207602B3000D03F1 /* ReactiveSwift.framework */,
				9ADB5236207602B3000D03F1 /* ReactiveSwiftTests.xctest */,
			);
			name = Products;
			sourceTree = "<group>";
		};
		9ADB527C20760F09000D03F1 /* Products */ = {
			isa = PBXGroup;
			children = (
				9ADB528020760F0A000D03F1 /* LinkHandler.framework */,
			);
			name = Products;
			sourceTree = "<group>";
		};
/* End PBXGroup section */

/* Begin PBXNativeTarget section */
		9A37F89A206E1DC6009CC4FF /* DeeplinkPOC */ = {
			isa = PBXNativeTarget;
			buildConfigurationList = 9A37F8AD206E1DC6009CC4FF /* Build configuration list for PBXNativeTarget "DeeplinkPOC" */;
			buildPhases = (
				9A37F897206E1DC6009CC4FF /* Sources */,
				9A37F898206E1DC6009CC4FF /* Frameworks */,
				9A37F899206E1DC6009CC4FF /* Resources */,
				9A37F8B0206E20C5009CC4FF /* Carthage Copy */,
				9AE5920D207E392000F59433 /* Copy frameworks */,
			);
			buildRules = (
			);
			dependencies = (
			);
			name = DeeplinkPOC;
			productName = DeeplinkPOC;
			productReference = 9A37F89B206E1DC6009CC4FF /* DeeplinkPOC.app */;
			productType = "com.apple.product-type.application";
		};
/* End PBXNativeTarget section */

/* Begin PBXProject section */
		9A37F893206E1DC6009CC4FF /* Project object */ = {
			isa = PBXProject;
			attributes = {
				LastSwiftUpdateCheck = 0920;
				LastUpgradeCheck = 0920;
				ORGANIZATIONNAME = ktustanowski;
				TargetAttributes = {
					9A37F89A206E1DC6009CC4FF = {
						CreatedOnToolsVersion = 9.2;
						ProvisioningStyle = Automatic;
					};
				};
			};
			buildConfigurationList = 9A37F896206E1DC6009CC4FF /* Build configuration list for PBXProject "DeeplinkPOC" */;
			compatibilityVersion = "Xcode 8.0";
			developmentRegion = en;
			hasScannedForEncodings = 0;
			knownRegions = (
				en,
				Base,
			);
			mainGroup = 9A37F892206E1DC6009CC4FF;
			productRefGroup = 9A37F89C206E1DC6009CC4FF /* Products */;
			projectDirPath = "";
			projectReferences = (
				{
					ProductGroup = 9ADB527C20760F09000D03F1 /* Products */;
					ProjectRef = 9ADB527B20760F09000D03F1 /* LinkHandler.xcodeproj */;
				},
				{
					ProductGroup = 9ADB5220207602B3000D03F1 /* Products */;
					ProjectRef = 9ADB521F207602B3000D03F1 /* ReactiveSwift.xcodeproj */;
				},
				{
					ProductGroup = 9ADB52082076026D000D03F1 /* Products */;
					ProjectRef = 9ADB52072076026D000D03F1 /* Result.xcodeproj */;
				},
			);
			projectRoot = "";
			targets = (
				9A37F89A206E1DC6009CC4FF /* DeeplinkPOC */,
			);
		};
/* End PBXProject section */

/* Begin PBXReferenceProxy section */
		9ADB52122076026E000D03F1 /* Result.framework */ = {
			isa = PBXReferenceProxy;
			fileType = wrapper.framework;
			path = Result.framework;
			remoteRef = 9ADB52112076026E000D03F1 /* PBXContainerItemProxy */;
			sourceTree = BUILT_PRODUCTS_DIR;
		};
		9ADB52142076026E000D03F1 /* Result-MacTests.xctest */ = {
			isa = PBXReferenceProxy;
			fileType = wrapper.cfbundle;
			path = "Result-MacTests.xctest";
			remoteRef = 9ADB52132076026E000D03F1 /* PBXContainerItemProxy */;
			sourceTree = BUILT_PRODUCTS_DIR;
		};
		9ADB52162076026E000D03F1 /* Result.framework */ = {
			isa = PBXReferenceProxy;
			fileType = wrapper.framework;
			path = Result.framework;
			remoteRef = 9ADB52152076026E000D03F1 /* PBXContainerItemProxy */;
			sourceTree = BUILT_PRODUCTS_DIR;
		};
		9ADB52182076026E000D03F1 /* Result-iOSTests.xctest */ = {
			isa = PBXReferenceProxy;
			fileType = wrapper.cfbundle;
			path = "Result-iOSTests.xctest";
			remoteRef = 9ADB52172076026E000D03F1 /* PBXContainerItemProxy */;
			sourceTree = BUILT_PRODUCTS_DIR;
		};
		9ADB521A2076026E000D03F1 /* Result.framework */ = {
			isa = PBXReferenceProxy;
			fileType = wrapper.framework;
			path = Result.framework;
			remoteRef = 9ADB52192076026E000D03F1 /* PBXContainerItemProxy */;
			sourceTree = BUILT_PRODUCTS_DIR;
		};
		9ADB521C2076026E000D03F1 /* Result-tvOSTests.xctest */ = {
			isa = PBXReferenceProxy;
			fileType = wrapper.cfbundle;
			path = "Result-tvOSTests.xctest";
			remoteRef = 9ADB521B2076026E000D03F1 /* PBXContainerItemProxy */;
			sourceTree = BUILT_PRODUCTS_DIR;
		};
		9ADB521E2076026E000D03F1 /* Result.framework */ = {
			isa = PBXReferenceProxy;
			fileType = wrapper.framework;
			path = Result.framework;
			remoteRef = 9ADB521D2076026E000D03F1 /* PBXContainerItemProxy */;
			sourceTree = BUILT_PRODUCTS_DIR;
		};
		9ADB522A207602B3000D03F1 /* ReactiveSwift.framework */ = {
			isa = PBXReferenceProxy;
			fileType = wrapper.framework;
			path = ReactiveSwift.framework;
			remoteRef = 9ADB5229207602B3000D03F1 /* PBXContainerItemProxy */;
			sourceTree = BUILT_PRODUCTS_DIR;
		};
		9ADB522C207602B3000D03F1 /* ReactiveSwiftTests.xctest */ = {
			isa = PBXReferenceProxy;
			fileType = wrapper.cfbundle;
			path = ReactiveSwiftTests.xctest;
			remoteRef = 9ADB522B207602B3000D03F1 /* PBXContainerItemProxy */;
			sourceTree = BUILT_PRODUCTS_DIR;
		};
		9ADB522E207602B3000D03F1 /* ReactiveSwift.framework */ = {
			isa = PBXReferenceProxy;
			fileType = wrapper.framework;
			path = ReactiveSwift.framework;
			remoteRef = 9ADB522D207602B3000D03F1 /* PBXContainerItemProxy */;
			sourceTree = BUILT_PRODUCTS_DIR;
		};
		9ADB5230207602B3000D03F1 /* ReactiveSwiftTests.xctest */ = {
			isa = PBXReferenceProxy;
			fileType = wrapper.cfbundle;
			path = ReactiveSwiftTests.xctest;
			remoteRef = 9ADB522F207602B3000D03F1 /* PBXContainerItemProxy */;
			sourceTree = BUILT_PRODUCTS_DIR;
		};
		9ADB5232207602B3000D03F1 /* ReactiveSwift.framework */ = {
			isa = PBXReferenceProxy;
			fileType = wrapper.framework;
			path = ReactiveSwift.framework;
			remoteRef = 9ADB5231207602B3000D03F1 /* PBXContainerItemProxy */;
			sourceTree = BUILT_PRODUCTS_DIR;
		};
		9ADB5234207602B3000D03F1 /* ReactiveSwift.framework */ = {
			isa = PBXReferenceProxy;
			fileType = wrapper.framework;
			path = ReactiveSwift.framework;
			remoteRef = 9ADB5233207602B3000D03F1 /* PBXContainerItemProxy */;
			sourceTree = BUILT_PRODUCTS_DIR;
		};
		9ADB5236207602B3000D03F1 /* ReactiveSwiftTests.xctest */ = {
			isa = PBXReferenceProxy;
			fileType = wrapper.cfbundle;
			path = ReactiveSwiftTests.xctest;
			remoteRef = 9ADB5235207602B3000D03F1 /* PBXContainerItemProxy */;
			sourceTree = BUILT_PRODUCTS_DIR;
		};
		9ADB528020760F0A000D03F1 /* LinkHandler.framework */ = {
			isa = PBXReferenceProxy;
			fileType = wrapper.framework;
			path = LinkHandler.framework;
			remoteRef = 9ADB527F20760F0A000D03F1 /* PBXContainerItemProxy */;
			sourceTree = BUILT_PRODUCTS_DIR;
		};
/* End PBXReferenceProxy section */

/* Begin PBXResourcesBuildPhase section */
		9A37F899206E1DC6009CC4FF /* Resources */ = {
			isa = PBXResourcesBuildPhase;
			buildActionMask = 2147483647;
			files = (
				9A37F8A9206E1DC6009CC4FF /* LaunchScreen.storyboard in Resources */,
				9A37F8A6206E1DC6009CC4FF /* Assets.xcassets in Resources */,
				9A37F8A4206E1DC6009CC4FF /* Main.storyboard in Resources */,
			);
			runOnlyForDeploymentPostprocessing = 0;
		};
/* End PBXResourcesBuildPhase section */

/* Begin PBXShellScriptBuildPhase section */
		9A37F8B0206E20C5009CC4FF /* Carthage Copy */ = {
			isa = PBXShellScriptBuildPhase;
			buildActionMask = 2147483647;
			files = (
			);
			inputPaths = (
				"$(SRCROOT)/Carthage/Build/iOS/Result.framework",
				"$(SRCROOT)/Carthage/Build/iOS/ReactiveSwift.framework",
			);
			name = "Carthage Copy";
			outputPaths = (
				"$(DERIVED_FILE_DIR)/$(FRAMEWORKS_FOLDER_PATH)/Result.framework",
				"$(DERIVED_FILE_DIR)/$(FRAMEWORKS_FOLDER_PATH)/ReactiveSwift.framework",
			);
			runOnlyForDeploymentPostprocessing = 0;
			shellPath = /bin/sh;
			shellScript = "/usr/local/bin/carthage copy-frameworks";
		};
/* End PBXShellScriptBuildPhase section */

/* Begin PBXSourcesBuildPhase section */
		9A37F897206E1DC6009CC4FF /* Sources */ = {
			isa = PBXSourcesBuildPhase;
			buildActionMask = 2147483647;
			files = (
				9ADB520220752187000D03F1 /* LoginViewController.swift in Sources */,
				9ADB51F92074F8C9000D03F1 /* ContentViewController.swift in Sources */,
				9A37F8A1206E1DC6009CC4FF /* HomeViewController.swift in Sources */,
				9ADB51FB2074F8DD000D03F1 /* PromoViewController.swift in Sources */,
				9A37F89F206E1DC6009CC4FF /* AppDelegate.swift in Sources */,
				9ADB520420752199000D03F1 /* TermsConditionsViewController.swift in Sources */,
				9ADB5206207521A5000D03F1 /* LegalViewController.swift in Sources */,
				9ADB528B207611E3000D03F1 /* DispatchAfter.swift in Sources */,
				9ADB51F72074F89A000D03F1 /* AllViewController.swift in Sources */,
				9ADB51E72074F6B2000D03F1 /* LoadingViewController.swift in Sources */,
				9ADB51FF2075207E000D03F1 /* SettingsViewController.swift in Sources */,
			);
			runOnlyForDeploymentPostprocessing = 0;
		};
/* End PBXSourcesBuildPhase section */

/* Begin PBXVariantGroup section */
		9A37F8A2206E1DC6009CC4FF /* Main.storyboard */ = {
			isa = PBXVariantGroup;
			children = (
				9A37F8A3206E1DC6009CC4FF /* Base */,
			);
			name = Main.storyboard;
			sourceTree = "<group>";
		};
		9A37F8A7206E1DC6009CC4FF /* LaunchScreen.storyboard */ = {
			isa = PBXVariantGroup;
			children = (
				9A37F8A8206E1DC6009CC4FF /* Base */,
			);
			name = LaunchScreen.storyboard;
			sourceTree = "<group>";
		};
/* End PBXVariantGroup section */

/* Begin XCBuildConfiguration section */
		9A37F8AB206E1DC6009CC4FF /* Debug */ = {
			isa = XCBuildConfiguration;
			buildSettings = {
				ALWAYS_SEARCH_USER_PATHS = NO;
				CLANG_ANALYZER_NONNULL = YES;
				CLANG_ANALYZER_NUMBER_OBJECT_CONVERSION = YES_AGGRESSIVE;
				CLANG_CXX_LANGUAGE_STANDARD = "gnu++14";
				CLANG_CXX_LIBRARY = "libc++";
				CLANG_ENABLE_MODULES = YES;
				CLANG_ENABLE_OBJC_ARC = YES;
				CLANG_WARN_BLOCK_CAPTURE_AUTORELEASING = YES;
				CLANG_WARN_BOOL_CONVERSION = YES;
				CLANG_WARN_COMMA = YES;
				CLANG_WARN_CONSTANT_CONVERSION = YES;
				CLANG_WARN_DIRECT_OBJC_ISA_USAGE = YES_ERROR;
				CLANG_WARN_DOCUMENTATION_COMMENTS = YES;
				CLANG_WARN_EMPTY_BODY = YES;
				CLANG_WARN_ENUM_CONVERSION = YES;
				CLANG_WARN_INFINITE_RECURSION = YES;
				CLANG_WARN_INT_CONVERSION = YES;
				CLANG_WARN_NON_LITERAL_NULL_CONVERSION = YES;
				CLANG_WARN_OBJC_LITERAL_CONVERSION = YES;
				CLANG_WARN_OBJC_ROOT_CLASS = YES_ERROR;
				CLANG_WARN_RANGE_LOOP_ANALYSIS = YES;
				CLANG_WARN_STRICT_PROTOTYPES = YES;
				CLANG_WARN_SUSPICIOUS_MOVE = YES;
				CLANG_WARN_UNGUARDED_AVAILABILITY = YES_AGGRESSIVE;
				CLANG_WARN_UNREACHABLE_CODE = YES;
				CLANG_WARN__DUPLICATE_METHOD_MATCH = YES;
				CODE_SIGN_IDENTITY = "iPhone Developer";
				COPY_PHASE_STRIP = NO;
				DEBUG_INFORMATION_FORMAT = dwarf;
				ENABLE_STRICT_OBJC_MSGSEND = YES;
				ENABLE_TESTABILITY = YES;
				GCC_C_LANGUAGE_STANDARD = gnu11;
				GCC_DYNAMIC_NO_PIC = NO;
				GCC_NO_COMMON_BLOCKS = YES;
				GCC_OPTIMIZATION_LEVEL = 0;
				GCC_PREPROCESSOR_DEFINITIONS = (
					"DEBUG=1",
					"$(inherited)",
				);
				GCC_WARN_64_TO_32_BIT_CONVERSION = YES;
				GCC_WARN_ABOUT_RETURN_TYPE = YES_ERROR;
				GCC_WARN_UNDECLARED_SELECTOR = YES;
				GCC_WARN_UNINITIALIZED_AUTOS = YES_AGGRESSIVE;
				GCC_WARN_UNUSED_FUNCTION = YES;
				GCC_WARN_UNUSED_VARIABLE = YES;
				IPHONEOS_DEPLOYMENT_TARGET = 11.2;
				MTL_ENABLE_DEBUG_INFO = YES;
				ONLY_ACTIVE_ARCH = YES;
				SDKROOT = iphoneos;
				SWIFT_ACTIVE_COMPILATION_CONDITIONS = DEBUG;
				SWIFT_OPTIMIZATION_LEVEL = "-Onone";
			};
			name = Debug;
		};
		9A37F8AC206E1DC6009CC4FF /* Release */ = {
			isa = XCBuildConfiguration;
			buildSettings = {
				ALWAYS_SEARCH_USER_PATHS = NO;
				CLANG_ANALYZER_NONNULL = YES;
				CLANG_ANALYZER_NUMBER_OBJECT_CONVERSION = YES_AGGRESSIVE;
				CLANG_CXX_LANGUAGE_STANDARD = "gnu++14";
				CLANG_CXX_LIBRARY = "libc++";
				CLANG_ENABLE_MODULES = YES;
				CLANG_ENABLE_OBJC_ARC = YES;
				CLANG_WARN_BLOCK_CAPTURE_AUTORELEASING = YES;
				CLANG_WARN_BOOL_CONVERSION = YES;
				CLANG_WARN_COMMA = YES;
				CLANG_WARN_CONSTANT_CONVERSION = YES;
				CLANG_WARN_DIRECT_OBJC_ISA_USAGE = YES_ERROR;
				CLANG_WARN_DOCUMENTATION_COMMENTS = YES;
				CLANG_WARN_EMPTY_BODY = YES;
				CLANG_WARN_ENUM_CONVERSION = YES;
				CLANG_WARN_INFINITE_RECURSION = YES;
				CLANG_WARN_INT_CONVERSION = YES;
				CLANG_WARN_NON_LITERAL_NULL_CONVERSION = YES;
				CLANG_WARN_OBJC_LITERAL_CONVERSION = YES;
				CLANG_WARN_OBJC_ROOT_CLASS = YES_ERROR;
				CLANG_WARN_RANGE_LOOP_ANALYSIS = YES;
				CLANG_WARN_STRICT_PROTOTYPES = YES;
				CLANG_WARN_SUSPICIOUS_MOVE = YES;
				CLANG_WARN_UNGUARDED_AVAILABILITY = YES_AGGRESSIVE;
				CLANG_WARN_UNREACHABLE_CODE = YES;
				CLANG_WARN__DUPLICATE_METHOD_MATCH = YES;
				CODE_SIGN_IDENTITY = "iPhone Developer";
				COPY_PHASE_STRIP = NO;
				DEBUG_INFORMATION_FORMAT = "dwarf-with-dsym";
				ENABLE_NS_ASSERTIONS = NO;
				ENABLE_STRICT_OBJC_MSGSEND = YES;
				GCC_C_LANGUAGE_STANDARD = gnu11;
				GCC_NO_COMMON_BLOCKS = YES;
				GCC_WARN_64_TO_32_BIT_CONVERSION = YES;
				GCC_WARN_ABOUT_RETURN_TYPE = YES_ERROR;
				GCC_WARN_UNDECLARED_SELECTOR = YES;
				GCC_WARN_UNINITIALIZED_AUTOS = YES_AGGRESSIVE;
				GCC_WARN_UNUSED_FUNCTION = YES;
				GCC_WARN_UNUSED_VARIABLE = YES;
				IPHONEOS_DEPLOYMENT_TARGET = 11.2;
				MTL_ENABLE_DEBUG_INFO = NO;
				SDKROOT = iphoneos;
				SWIFT_OPTIMIZATION_LEVEL = "-Owholemodule";
				VALIDATE_PRODUCT = YES;
			};
			name = Release;
		};
		9A37F8AE206E1DC6009CC4FF /* Debug */ = {
			isa = XCBuildConfiguration;
			buildSettings = {
				ALWAYS_EMBED_SWIFT_STANDARD_LIBRARIES = NO;
				ASSETCATALOG_COMPILER_APPICON_NAME = AppIcon;
				CODE_SIGN_STYLE = Automatic;
				DEVELOPMENT_TEAM = S288FYNY7S;
				FRAMEWORK_SEARCH_PATHS = (
					"$(inherited)",
					"$(PROJECT_DIR)/Carthage/Build/iOS",
				);
				INFOPLIST_FILE = DeeplinkPOC/Info.plist;
				IPHONEOS_DEPLOYMENT_TARGET = 9.0;
				LD_RUNPATH_SEARCH_PATHS = "$(inherited) @executable_path/Frameworks";
				PRODUCT_BUNDLE_IDENTIFIER = com.ktustanowski.DeeplinkPOC;
				PRODUCT_NAME = "$(TARGET_NAME)";
				SWIFT_VERSION = 4.0;
				TARGETED_DEVICE_FAMILY = "1,2";
			};
			name = Debug;
		};
		9A37F8AF206E1DC6009CC4FF /* Release */ = {
			isa = XCBuildConfiguration;
			buildSettings = {
				ALWAYS_EMBED_SWIFT_STANDARD_LIBRARIES = NO;
				ASSETCATALOG_COMPILER_APPICON_NAME = AppIcon;
				CODE_SIGN_STYLE = Automatic;
				DEVELOPMENT_TEAM = S288FYNY7S;
				FRAMEWORK_SEARCH_PATHS = (
					"$(inherited)",
					"$(PROJECT_DIR)/Carthage/Build/iOS",
				);
				INFOPLIST_FILE = DeeplinkPOC/Info.plist;
				IPHONEOS_DEPLOYMENT_TARGET = 9.0;
				LD_RUNPATH_SEARCH_PATHS = "$(inherited) @executable_path/Frameworks";
				PRODUCT_BUNDLE_IDENTIFIER = com.ktustanowski.DeeplinkPOC;
				PRODUCT_NAME = "$(TARGET_NAME)";
				SWIFT_VERSION = 4.0;
				TARGETED_DEVICE_FAMILY = "1,2";
			};
			name = Release;
		};
/* End XCBuildConfiguration section */

/* Begin XCConfigurationList section */
		9A37F896206E1DC6009CC4FF /* Build configuration list for PBXProject "DeeplinkPOC" */ = {
			isa = XCConfigurationList;
			buildConfigurations = (
				9A37F8AB206E1DC6009CC4FF /* Debug */,
				9A37F8AC206E1DC6009CC4FF /* Release */,
			);
			defaultConfigurationIsVisible = 0;
			defaultConfigurationName = Release;
		};
		9A37F8AD206E1DC6009CC4FF /* Build configuration list for PBXNativeTarget "DeeplinkPOC" */ = {
			isa = XCConfigurationList;
			buildConfigurations = (
				9A37F8AE206E1DC6009CC4FF /* Debug */,
				9A37F8AF206E1DC6009CC4FF /* Release */,
			);
			defaultConfigurationIsVisible = 0;
			defaultConfigurationName = Release;
		};
/* End XCConfigurationList section */
	};
	rootObject = 9A37F893206E1DC6009CC4FF /* Project object */;
}
